
Microsoft Visual Studio Solution File, Format Version 12.00
# Visual Studio Version 17
VisualStudioVersion = 17.6.33801.468
MinimumVisualStudioVersion = 10.0.40219.1
Project("{9A19103F-16F7-4668-BE54-9A1E7A4F7556}") = "UrlShortenerWeb", "UrlShortenerWeb\UrlShortenerWeb.csproj", "{9FC957EF-7733-4832-97EA-BCA5E9691BF9}"
EndProject
Project("{9A19103F-16F7-4668-BE54-9A1E7A4F7556}") = "UrlShortener.DataAccess", "UrlShortener.DataAccess\UrlShortener.DataAccess.csproj", "{6FD26C07-B7A8-44C7-99BA-DCFADDC8F7A8}"
EndProject
Project("{9A19103F-16F7-4668-BE54-9A1E7A4F7556}") = "UrlShortener.Models", "UrlShortener.Models\UrlShortener.Models.csproj", "{20E2392E-BDBA-4CD2-9920-836357E12DFD}"
EndProject
Project("{FAE04EC0-301F-11D3-BF4B-00C04F79EFBC}") = "UrlShortener.Utility", "UrlShortener.Utility\UrlShortener.Utility.csproj", "{D51CD8AA-000B-43A0-8A68-608E255C30A0}"
EndProject
Global
	GlobalSection(SolutionConfigurationPlatforms) = preSolution
		Debug|Any CPU = Debug|Any CPU
		Release|Any CPU = Release|Any CPU
	EndGlobalSection
	GlobalSection(ProjectConfigurationPlatforms) = postSolution
		{9FC957EF-7733-4832-97EA-BCA5E9691BF9}.Debug|Any CPU.ActiveCfg = Debug|Any CPU
		{9FC957EF-7733-4832-97EA-BCA5E9691BF9}.Debug|Any CPU.Build.0 = Debug|Any CPU
		{9FC957EF-7733-4832-97EA-BCA5E9691BF9}.Release|Any CPU.ActiveCfg = Release|Any CPU
		{9FC957EF-7733-4832-97EA-BCA5E9691BF9}.Release|Any CPU.Build.0 = Release|Any CPU
		{6FD26C07-B7A8-44C7-99BA-DCFADDC8F7A8}.Debug|Any CPU.ActiveCfg = Debug|Any CPU
		{6FD26C07-B7A8-44C7-99BA-DCFADDC8F7A8}.Debug|Any CPU.Build.0 = Debug|Any CPU
		{6FD26C07-B7A8-44C7-99BA-DCFADDC8F7A8}.Release|Any CPU.ActiveCfg = Release|Any CPU
		{6FD26C07-B7A8-44C7-99BA-DCFADDC8F7A8}.Release|Any CPU.Build.0 = Release|Any CPU
		{20E2392E-BDBA-4CD2-9920-836357E12DFD}.Debug|Any CPU.ActiveCfg = Debug|Any CPU
		{20E2392E-BDBA-4CD2-9920-836357E12DFD}.Debug|Any CPU.Build.0 = Debug|Any CPU
		{20E2392E-BDBA-4CD2-9920-836357E12DFD}.Release|Any CPU.ActiveCfg = Release|Any CPU
		{20E2392E-BDBA-4CD2-9920-836357E12DFD}.Release|Any CPU.Build.0 = Release|Any CPU
		{D51CD8AA-000B-43A0-8A68-608E255C30A0}.Debug|Any CPU.ActiveCfg = Debug|Any CPU
		{D51CD8AA-000B-43A0-8A68-608E255C30A0}.Debug|Any CPU.Build.0 = Debug|Any CPU
		{D51CD8AA-000B-43A0-8A68-608E255C30A0}.Release|Any CPU.ActiveCfg = Release|Any CPU
		{D51CD8AA-000B-43A0-8A68-608E255C30A0}.Release|Any CPU.Build.0 = Release|Any CPU
	EndGlobalSection
	GlobalSection(SolutionProperties) = preSolution
		HideSolutionNode = FALSE
	EndGlobalSection
	GlobalSection(ExtensibilityGlobals) = postSolution
		SolutionGuid = {E950122A-B858-46C6-B1A9-E25009EFDFA7}
	EndGlobalSection
EndGlobal
